
Microsoft Visual Studio Solution File, Format Version 12.00
# Visual Studio Version 17
VisualStudioVersion = 17.14.36109.1 d17.14
MinimumVisualStudioVersion = 10.0.40219.1
Project("{FAE04EC0-301F-11D3-BF4B-00C04F79EFBC}") = "KickVault", "KickVault.csproj", "{3D55518D-0932-4DAE-93D1-1D02B81A01E5}"
EndProject
Global
	GlobalSection(SolutionConfigurationPlatforms) = preSolution
		Debug|Any CPU = Debug|Any CPU
		Release|Any CPU = Release|Any CPU
	EndGlobalSection
	GlobalSection(ProjectConfigurationPlatforms) = postSolution
		{3D55518D-0932-4DAE-93D1-1D02B81A01E5}.Debug|Any CPU.ActiveCfg = Debug|Any CPU
		{3D55518D-0932-4DAE-93D1-1D02B81A01E5}.Debug|Any CPU.Build.0 = Debug|Any CPU
		{3D55518D-0932-4DAE-93D1-1D02B81A01E5}.Release|Any CPU.ActiveCfg = Release|Any CPU
		{3D55518D-0932-4DAE-93D1-1D02B81A01E5}.Release|Any CPU.Build.0 = Release|Any CPU
	EndGlobalSection
	GlobalSection(SolutionProperties) = preSolution
		HideSolutionNode = FALSE
	EndGlobalSection
	GlobalSection(ExtensibilityGlobals) = postSolution
		SolutionGuid = {24224E27-B999-45B9-9BCC-A256CE64AB4A}
	EndGlobalSection
EndGlobal
